
Microsoft Visual Studio Solution File, Format Version 12.00
# Visual Studio 2013
VisualStudioVersion = 12.0.31101.0
MinimumVisualStudioVersion = 10.0.40219.1
Project("{FAE04EC0-301F-11D3-BF4B-00C04F79EFBC}") = "unusedjs-fiddler", "unusedjs-fiddler.csproj", "{DD15572D-B2B7-442D-A0A2-9460B767891B}"
EndProject
Project("{FAE04EC0-301F-11D3-BF4B-00C04F79EFBC}") = "unusedjs-fiddler.tests", "..\unusedjs-fiddler.tests\unusedjs-fiddler.tests.csproj", "{6AA60C56-3FFF-47CA-B141-226621A64AA8}"
EndProject
Global
	GlobalSection(SolutionConfigurationPlatforms) = preSolution
		Debug|Any CPU = Debug|Any CPU
		Release|Any CPU = Release|Any CPU
	EndGlobalSection
	GlobalSection(ProjectConfigurationPlatforms) = postSolution
		{DD15572D-B2B7-442D-A0A2-9460B767891B}.Debug|Any CPU.ActiveCfg = Debug|Any CPU
		{DD15572D-B2B7-442D-A0A2-9460B767891B}.Debug|Any CPU.Build.0 = Debug|Any CPU
		{DD15572D-B2B7-442D-A0A2-9460B767891B}.Release|Any CPU.ActiveCfg = Release|Any CPU
		{DD15572D-B2B7-442D-A0A2-9460B767891B}.Release|Any CPU.Build.0 = Release|Any CPU
		{6AA60C56-3FFF-47CA-B141-226621A64AA8}.Debug|Any CPU.ActiveCfg = Debug|Any CPU
		{6AA60C56-3FFF-47CA-B141-226621A64AA8}.Debug|Any CPU.Build.0 = Debug|Any CPU
		{6AA60C56-3FFF-47CA-B141-226621A64AA8}.Release|Any CPU.ActiveCfg = Release|Any CPU
		{6AA60C56-3FFF-47CA-B141-226621A64AA8}.Release|Any CPU.Build.0 = Release|Any CPU
	EndGlobalSection
	GlobalSection(SolutionProperties) = preSolution
		HideSolutionNode = FALSE
	EndGlobalSection
EndGlobal
